
Microsoft Visual Studio Solution File, Format Version 12.00
# Visual Studio 15
VisualStudioVersion = 15.0.28307.645
MinimumVisualStudioVersion = 10.0.40219.1
Project("{FAE04EC0-301F-11D3-BF4B-00C04F79EFBC}") = "TestingWinformApp1", "TestingWinformApp1\TestingWinformApp1.csproj", "{AC18A08B-0835-46F1-A75F-7E42E449CA29}"
EndProject
Global
	GlobalSection(SolutionConfigurationPlatforms) = preSolution
		Debug|Any CPU = Debug|Any CPU
		Release|Any CPU = Release|Any CPU
	EndGlobalSection
	GlobalSection(ProjectConfigurationPlatforms) = postSolution
		{AC18A08B-0835-46F1-A75F-7E42E449CA29}.Debug|Any CPU.ActiveCfg = Debug|Any CPU
		{AC18A08B-0835-46F1-A75F-7E42E449CA29}.Debug|Any CPU.Build.0 = Debug|Any CPU
		{AC18A08B-0835-46F1-A75F-7E42E449CA29}.Release|Any CPU.ActiveCfg = Release|Any CPU
		{AC18A08B-0835-46F1-A75F-7E42E449CA29}.Release|Any CPU.Build.0 = Release|Any CPU
	EndGlobalSection
	GlobalSection(SolutionProperties) = preSolution
		HideSolutionNode = FALSE
	EndGlobalSection
	GlobalSection(ExtensibilityGlobals) = postSolution
		SolutionGuid = {247C3A47-AAE5-4E7E-8709-B3F4D7D64576}
	EndGlobalSection
EndGlobal
